%{
  "bcrypt_elixir": {:hex, :bcrypt_elixir, "3.0.1", "9be815469e6bfefec40fa74658ecbbe6897acfb57614df1416eeccd4903f602c", [:make, :mix], [{:comeonin, "~> 5.3", [hex: :comeonin, repo: "hexpm", optional: false]}, {:elixir_make, "~> 0.6", [hex: :elixir_make, repo: "hexpm", optional: false]}], "hexpm", "486bb95efb645d1efc6794c1ddd776a186a9a713abf06f45708a6ce324fb96cf"},
  "bimap": {:hex, :bimap, "1.3.0", "3ea4832e58dc83a9b5b407c6731e7bae87458aa618e6d11d8e12114a17afa4b3", [:mix], [], "hexpm", "bf5a2b078528465aa705f405a5c638becd63e41d280ada41e0f77e6d255a10b4"},
  "bunch": {:hex, :bunch, "1.6.0", "4775f8cdf5e801c06beed3913b0bd53fceec9d63380cdcccbda6be125a6cfd54", [:mix], [], "hexpm", "ef4e9abf83f0299d599daed3764d19e8eac5d27a5237e5e4d5e2c129cfeb9a22"},
  "bunch_native": {:hex, :bunch_native, "0.5.0", "8ac1536789a597599c10b652e0b526d8833348c19e4739a0759a2bedfd924e63", [:mix], [{:bundlex, "~> 1.0", [hex: :bundlex, repo: "hexpm", optional: false]}], "hexpm", "24190c760e32b23b36edeb2dc4852515c7c5b3b8675b1a864e0715bdd1c8f80d"},
  "bundlex": {:hex, :bundlex, "1.1.1", "e637b79a1eaab1bf019de4100b6db262aa3b660beff0cd2f3617949b1618eeda", [:mix], [{:bunch, "~> 1.0", [hex: :bunch, repo: "hexpm", optional: false]}, {:qex, "~> 0.5", [hex: :qex, repo: "hexpm", optional: false]}, {:secure_random, "~> 0.5", [hex: :secure_random, repo: "hexpm", optional: false]}], "hexpm", "1fdfa3d6240baa5a2d5496a86e2e43116f80105e93d9adfd4f1fc75be487ea30"},
  "bunt": {:hex, :bunt, "0.2.1", "e2d4792f7bc0ced7583ab54922808919518d0e57ee162901a16a1b6664ef3b14", [:mix], [], "hexpm", "a330bfb4245239787b15005e66ae6845c9cd524a288f0d141c148b02603777a5"},
  "castore": {:hex, :castore, "1.0.1", "240b9edb4e9e94f8f56ab39d8d2d0a57f49e46c56aced8f873892df8ff64ff5a", [:mix], [], "hexpm", "b4951de93c224d44fac71614beabd88b71932d0b1dea80d2f80fb9044e01bbb3"},
  "cc_precompiler": {:hex, :cc_precompiler, "0.1.7", "77de20ac77f0e53f20ca82c563520af0237c301a1ec3ab3bc598e8a96c7ee5d9", [:mix], [{:elixir_make, "~> 0.7.3", [hex: :elixir_make, repo: "hexpm", optional: false]}], "hexpm", "2768b28bf3c2b4f788c995576b39b8cb5d47eb788526d93bd52206c1d8bf4b75"},
  "coerce": {:hex, :coerce, "1.0.1", "211c27386315dc2894ac11bc1f413a0e38505d808153367bd5c6e75a4003d096", [:mix], [], "hexpm", "b44a691700f7a1a15b4b7e2ff1fa30bebd669929ac8aa43cffe9e2f8bf051cf1"},
  "comeonin": {:hex, :comeonin, "5.3.3", "2c564dac95a35650e9b6acfe6d2952083d8a08e4a89b93a481acb552b325892e", [:mix], [], "hexpm", "3e38c9c2cb080828116597ca8807bb482618a315bfafd98c90bc22a821cc84df"},
  "connection": {:hex, :connection, "1.1.0", "ff2a49c4b75b6fb3e674bfc5536451607270aac754ffd1bdfe175abe4a6d7a68", [:mix], [], "hexpm", "722c1eb0a418fbe91ba7bd59a47e28008a189d47e37e0e7bb85585a016b2869c"},
  "cowboy": {:hex, :cowboy, "2.10.0", "ff9ffeff91dae4ae270dd975642997afe2a1179d94b1887863e43f681a203e26", [:make, :rebar3], [{:cowlib, "2.12.1", [hex: :cowlib, repo: "hexpm", optional: false]}, {:ranch, "1.8.0", [hex: :ranch, repo: "hexpm", optional: false]}], "hexpm", "3afdccb7183cc6f143cb14d3cf51fa00e53db9ec80cdcd525482f5e99bc41d6b"},
  "cowboy_telemetry": {:hex, :cowboy_telemetry, "0.4.0", "f239f68b588efa7707abce16a84d0d2acf3a0f50571f8bb7f56a15865aae820c", [:rebar3], [{:cowboy, "~> 2.7", [hex: :cowboy, repo: "hexpm", optional: false]}, {:telemetry, "~> 1.0", [hex: :telemetry, repo: "hexpm", optional: false]}], "hexpm", "7d98bac1ee4565d31b62d59f8823dfd8356a169e7fcbb83831b8a5397404c9de"},
  "cowlib": {:hex, :cowlib, "2.12.1", "a9fa9a625f1d2025fe6b462cb865881329b5caff8f1854d1cbc9f9533f00e1e1", [:make, :rebar3], [], "hexpm", "163b73f6367a7341b33c794c4e88e7dbfe6498ac42dcd69ef44c5bc5507c8db0"},
  "credo": {:hex, :credo, "1.7.0", "6119bee47272e85995598ee04f2ebbed3e947678dee048d10b5feca139435f75", [:mix], [{:bunt, "~> 0.2.1", [hex: :bunt, repo: "hexpm", optional: false]}, {:file_system, "~> 0.2.8", [hex: :file_system, repo: "hexpm", optional: false]}, {:jason, "~> 1.0", [hex: :jason, repo: "hexpm", optional: false]}], "hexpm", "6839fcf63d1f0d1c0f450abc8564a57c43d644077ab96f2934563e68b8a769d7"},
  "db_connection": {:hex, :db_connection, "2.5.0", "bb6d4f30d35ded97b29fe80d8bd6f928a1912ca1ff110831edcd238a1973652c", [:mix], [{:telemetry, "~> 0.4 or ~> 1.0", [hex: :telemetry, repo: "hexpm", optional: false]}], "hexpm", "c92d5ba26cd69ead1ff7582dbb860adeedfff39774105a4f1c92cbb654b55aa2"},
  "decimal": {:hex, :decimal, "2.1.1", "5611dca5d4b2c3dd497dec8f68751f1f1a54755e8ed2a966c2633cf885973ad6", [:mix], [], "hexpm", "53cfe5f497ed0e7771ae1a475575603d77425099ba5faef9394932b35020ffcc"},
  "ecto": {:hex, :ecto, "3.10.1", "c6757101880e90acc6125b095853176a02da8f1afe056f91f1f90b80c9389822", [:mix], [{:decimal, "~> 1.6 or ~> 2.0", [hex: :decimal, repo: "hexpm", optional: false]}, {:jason, "~> 1.0", [hex: :jason, repo: "hexpm", optional: true]}, {:telemetry, "~> 0.4 or ~> 1.0", [hex: :telemetry, repo: "hexpm", optional: false]}], "hexpm", "d2ac4255f1601bdf7ac74c0ed971102c6829dc158719b94bd30041bbad77f87a"},
  "ecto_sql": {:hex, :ecto_sql, "3.10.1", "6ea6b3036a0b0ca94c2a02613fd9f742614b5cfe494c41af2e6571bb034dd94c", [:mix], [{:db_connection, "~> 2.4.1 or ~> 2.5", [hex: :db_connection, repo: "hexpm", optional: false]}, {:ecto, "~> 3.10.0", [hex: :ecto, repo: "hexpm", optional: false]}, {:myxql, "~> 0.6.0", [hex: :myxql, repo: "hexpm", optional: true]}, {:postgrex, "~> 0.16.0 or ~> 0.17.0 or ~> 1.0", [hex: :postgrex, repo: "hexpm", optional: true]}, {:tds, "~> 2.1.1 or ~> 2.2", [hex: :tds, repo: "hexpm", optional: true]}, {:telemetry, "~> 0.4.0 or ~> 1.0", [hex: :telemetry, repo: "hexpm", optional: false]}], "hexpm", "f6a25bdbbd695f12c8171eaff0851fa4c8e72eec1e98c7364402dda9ce11c56b"},
  "ecto_sqlite3": {:hex, :ecto_sqlite3, "0.10.1", "a7ec7a946e3714fc418e8a4293bd5b62bfce2b2f7bb6ef7199c206e005dd7373", [:mix], [{:decimal, "~> 1.6 or ~> 2.0", [hex: :decimal, repo: "hexpm", optional: false]}, {:ecto, "~> 3.10", [hex: :ecto, repo: "hexpm", optional: false]}, {:ecto_sql, "~> 3.10", [hex: :ecto_sql, repo: "hexpm", optional: false]}, {:exqlite, "~> 0.9", [hex: :exqlite, repo: "hexpm", optional: false]}], "hexpm", "9a6af8b3e48a29b0a60df1b49bc045afed90329cac8d850161a3e7d7d1be786d"},
  "elixir_make": {:hex, :elixir_make, "0.7.6", "67716309dc5d43e16b5abbd00c01b8df6a0c2ab54a8f595468035a50189f9169", [:mix], [{:castore, "~> 0.1 or ~> 1.0", [hex: :castore, repo: "hexpm", optional: true]}], "hexpm", "5a0569756b0f7873a77687800c164cca6dfc03a09418e6fcf853d78991f49940"},
  "esbuild": {:hex, :esbuild, "0.7.0", "ce3afb13cd2c5fd63e13c0e2d0e0831487a97a7696cfa563707342bb825d122a", [:mix], [{:castore, ">= 0.0.0", [hex: :castore, repo: "hexpm", optional: false]}], "hexpm", "4ae9f4f237c5ebcb001390b8ada65a12fb2bb04f3fe3d1f1692b7a06fbfe8752"},
  "ex_sdp": {:hex, :ex_sdp, "0.11.0", "19e3af1d70b945381752db3139dfc22a19da1e9394036721449b7fb8c49fe039", [:mix], [{:bunch, "~> 1.3", [hex: :bunch, repo: "hexpm", optional: false]}, {:uuid, "~> 1.1", [hex: :uuid, repo: "hexpm", optional: false]}], "hexpm", "7a3fe42f4ec0c18de09b10464829c27482d81d9c50c21bdebdbcfe17d2046408"},
  "expo": {:hex, :expo, "0.4.1", "1c61d18a5df197dfda38861673d392e642649a9cef7694d2f97a587b2cfb319b", [:mix], [], "hexpm", "2ff7ba7a798c8c543c12550fa0e2cbc81b95d4974c65855d8d15ba7b37a1ce47"},
  "exqlite": {:hex, :exqlite, "0.13.10", "9cddd9b8764b77232d15d83752832cf96ea1066308547346e1e474a93b026810", [:make, :mix], [{:cc_precompiler, "~> 0.1", [hex: :cc_precompiler, repo: "hexpm", optional: false]}, {:db_connection, "~> 2.1", [hex: :db_connection, repo: "hexpm", optional: false]}, {:elixir_make, "~> 0.7", [hex: :elixir_make, repo: "hexpm", optional: false]}, {:table, "~> 0.1.0", [hex: :table, repo: "hexpm", optional: true]}], "hexpm", "8c688793efbfabd463a2af5b6f4c8ddd35278e402c07e165ee5a52a788aa67ea"},
  "faker": {:hex, :faker, "0.17.0", "671019d0652f63aefd8723b72167ecdb284baf7d47ad3a82a15e9b8a6df5d1fa", [:mix], [], "hexpm", "a7d4ad84a93fd25c5f5303510753789fc2433ff241bf3b4144d3f6f291658a6a"},
  "file_system": {:hex, :file_system, "0.2.10", "fb082005a9cd1711c05b5248710f8826b02d7d1784e7c3451f9c1231d4fc162d", [:mix], [], "hexpm", "41195edbfb562a593726eda3b3e8b103a309b733ad25f3d642ba49696bf715dc"},
  "finch": {:hex, :finch, "0.16.0", "40733f02c89f94a112518071c0a91fe86069560f5dbdb39f9150042f44dcfb1a", [:mix], [{:castore, "~> 0.1 or ~> 1.0", [hex: :castore, repo: "hexpm", optional: false]}, {:mime, "~> 1.0 or ~> 2.0", [hex: :mime, repo: "hexpm", optional: false]}, {:mint, "~> 1.3", [hex: :mint, repo: "hexpm", optional: false]}, {:nimble_options, "~> 0.4 or ~> 1.0", [hex: :nimble_options, repo: "hexpm", optional: false]}, {:nimble_pool, "~> 0.2.6 or ~> 1.0", [hex: :nimble_pool, repo: "hexpm", optional: false]}, {:telemetry, "~> 0.4 or ~> 1.0", [hex: :telemetry, repo: "hexpm", optional: false]}], "hexpm", "f660174c4d519e5fec629016054d60edd822cdfe2b7270836739ac2f97735ec5"},
  "floki": {:hex, :floki, "0.34.2", "5fad07ef153b3b8ec110b6b155ec3780c4b2c4906297d0b4be1a7162d04a7e02", [:mix], [], "hexpm", "26b9d50f0f01796bc6be611ca815c5e0de034d2128e39cc9702eee6b66a4d1c8"},
  "gettext": {:hex, :gettext, "0.22.1", "e7942988383c3d9eed4bdc22fc63e712b655ae94a672a27e4900e3d4a2c43581", [:mix], [{:expo, "~> 0.4.0", [hex: :expo, repo: "hexpm", optional: false]}], "hexpm", "ad105b8dab668ee3f90c0d3d94ba75e9aead27a62495c101d94f2657a190ac5d"},
  "heap": {:hex, :heap, "2.0.2", "d98cb178286cfeb5edbcf17785e2d20af73ca57b5a2cf4af584118afbcf917eb", [:mix], [], "hexpm", "ba9ea2fe99eb4bcbd9a8a28eaf71cbcac449ca1d8e71731596aace9028c9d429"},
  "hpax": {:hex, :hpax, "0.1.2", "09a75600d9d8bbd064cdd741f21fc06fc1f4cf3d0fcc335e5aa19be1a7235c84", [:mix], [], "hexpm", "2c87843d5a23f5f16748ebe77969880e29809580efdaccd615cd3bed628a8c13"},
  "jason": {:hex, :jason, "1.4.0", "e855647bc964a44e2f67df589ccf49105ae039d4179db7f6271dfd3843dc27e6", [:mix], [{:decimal, "~> 1.0 or ~> 2.0", [hex: :decimal, repo: "hexpm", optional: true]}], "hexpm", "79a3791085b2a0f743ca04cec0f7be26443738779d09302e01318f97bdb82121"},
  "membrane_aac_format": {:hex, :membrane_aac_format, "0.7.0", "93ea75b57d5cbee5db59f0250baba65a8949d32ee4cfa38224e93ea306c30048", [:mix], [{:bimap, "~> 1.1", [hex: :bimap, repo: "hexpm", optional: false]}], "hexpm", "3233d2a5a1b264039a198abcef3b7f1c64f5bde9704ec01afbf1bab43a56d415"},
  "membrane_cmaf_format": {:hex, :membrane_cmaf_format, "0.6.1", "89d130b5f8786d4285d395697b0f7763a2c82a02de1658cdeb4f8e37e6a6c85c", [:mix], [], "hexpm", "e916e3c8216f3bf999b069ffda94da48c9bdbe3181ce7155a458d1ccf1a97b3d"},
  "membrane_common_c": {:hex, :membrane_common_c, "0.14.0", "35621d9736829bf675062dc0af66e931b0d82ff8361c2088576d63d4d002692e", [:mix], [{:membrane_core, "~> 0.11.0", [hex: :membrane_core, repo: "hexpm", optional: false]}, {:shmex, "~> 0.5.0", [hex: :shmex, repo: "hexpm", optional: false]}, {:unifex, "~> 1.0", [hex: :unifex, repo: "hexpm", optional: false]}], "hexpm", "262b06e93fe3f1be57a111fa19f5cba4f26000a442ac32a59f3678e83cbb001f"},
  "membrane_core": {:hex, :membrane_core, "0.11.3", "c7cedbbc5af216ce00f173b1e30cbb2ed686b0a86cac9d90bc9cff3c02f938fd", [:mix], [{:bunch, "~> 1.5", [hex: :bunch, repo: "hexpm", optional: false]}, {:qex, "~> 0.3", [hex: :qex, repo: "hexpm", optional: false]}, {:ratio, "~> 2.0", [hex: :ratio, repo: "hexpm", optional: false]}, {:telemetry, "~> 1.0", [hex: :telemetry, repo: "hexpm", optional: false]}], "hexpm", "de878caa5c5043ccd244f716a31afc9496f626013728881756cacaede72b4649"},
  "membrane_ffmpeg_swscale_plugin": {:hex, :membrane_ffmpeg_swscale_plugin, "0.11.1", "ec76b6ade877203d9bfd3f5a8510ac8179b4b41a22076f1b1dad9e27f103fd7e", [:mix], [{:membrane_common_c, "~> 0.14.0", [hex: :membrane_common_c, repo: "hexpm", optional: false]}, {:membrane_core, "~> 0.11.0", [hex: :membrane_core, repo: "hexpm", optional: false]}, {:membrane_raw_video_format, "~> 0.3.0", [hex: :membrane_raw_video_format, repo: "hexpm", optional: false]}, {:unifex, "~> 1.0", [hex: :unifex, repo: "hexpm", optional: false]}], "hexpm", "1cdd5e58c4a3f9cd0b29d6ea35a18f4db90f1062a9d1227cdfa09bc9ddc9abdb"},
  "membrane_file_plugin": {:hex, :membrane_file_plugin, "0.13.3", "aaf40a72e5fccf6da47ec85ef525234acbec828425f1300f74c464bca1487f40", [:mix], [{:membrane_core, "~> 0.11", [hex: :membrane_core, repo: "hexpm", optional: false]}], "hexpm", "1c1acf610d4fc0279b7fd65a5db06c8bc3ef6a276bf40fb033c2c735c25839ba"},
  "membrane_funnel_plugin": {:hex, :membrane_funnel_plugin, "0.7.0", "f633a32a7549923a5b15f9afe8aede111b51f1ff9a03e8bb134f5cd54a6a2237", [:mix], [{:membrane_core, "~> 0.11.0", [hex: :membrane_core, repo: "hexpm", optional: false]}], "hexpm", "8f08686cef36ea71cd2bf820163db729a821d5c10f6441c02b24476d6ed639d4"},
  "membrane_h264_ffmpeg_plugin": {:hex, :membrane_h264_ffmpeg_plugin, "0.26.2", "ec916f86f059ca32a626153cf19ab024990d4aeb86122235c6c75a18a9dd5f10", [:mix], [{:bunch, "~> 1.6", [hex: :bunch, repo: "hexpm", optional: false]}, {:membrane_common_c, "~> 0.14.0", [hex: :membrane_common_c, repo: "hexpm", optional: false]}, {:membrane_core, "~> 0.11.0", [hex: :membrane_core, repo: "hexpm", optional: false]}, {:membrane_h264_format, "~> 0.5.0", [hex: :membrane_h264_format, repo: "hexpm", optional: false]}, {:membrane_raw_video_format, "~> 0.3.0", [hex: :membrane_raw_video_format, repo: "hexpm", optional: false]}, {:ratio, "~> 2.4.0", [hex: :ratio, repo: "hexpm", optional: false]}, {:unifex, "~> 1.1", [hex: :unifex, repo: "hexpm", optional: false]}], "hexpm", "7a7e5511bc7f2de03e861d8c068e67d83c400986be4e2f6655f508de35f6bec9"},
  "membrane_h264_format": {:hex, :membrane_h264_format, "0.5.0", "95c1cc00896dab6de322cee3be0c9b0b0840537b4cc49e82a34e901b4e4763f9", [:mix], [], "hexpm", "7b44e0b02d86b45d24699de3c970186dffbca6d51aca80bbed2f6a3fe5c9eba1"},
  "membrane_h264_plugin": {:hex, :membrane_h264_plugin, "0.2.1", "d1643644afd45e45f5bd9b47e52fa02c6e17a6371d3045417096f6a2dea69a13", [:mix], [{:bunch, "~> 1.4", [hex: :bunch, repo: "hexpm", optional: false]}, {:membrane_core, "~> 0.11.0", [hex: :membrane_core, repo: "hexpm", optional: false]}, {:membrane_h264_format, "~> 0.5.0", [hex: :membrane_h264_format, repo: "hexpm", optional: false]}], "hexpm", "875f9ccbee6cada3181b7b54ee2e89a22816e6372dfa9ea190725dc7908a57fe"},
  "membrane_http_adaptive_stream_plugin": {:hex, :membrane_http_adaptive_stream_plugin, "0.14.0", "431d053b772aa306dd452865fcc6593c8dfe58694d8e3e6fef2552f5f4f77c28", [:mix], [{:bunch, "~> 1.5", [hex: :bunch, repo: "hexpm", optional: false]}, {:membrane_cmaf_format, "~> 0.6.1", [hex: :membrane_cmaf_format, repo: "hexpm", optional: false]}, {:membrane_core, "~> 0.11.3", [hex: :membrane_core, repo: "hexpm", optional: false]}, {:membrane_mp4_plugin, "~> 0.21.0", [hex: :membrane_mp4_plugin, repo: "hexpm", optional: false]}, {:membrane_tee_plugin, "~> 0.10.1", [hex: :membrane_tee_plugin, repo: "hexpm", optional: false]}], "hexpm", "5c538065b1ee749146ea811c06805fb317c2c32f2966284683c56e6b8a13d2b8"},
  "membrane_mp4_format": {:hex, :membrane_mp4_format, "0.7.0", "0cc33f21dc571b43b4d2db66a056e2b7eecdc7ada71a9e0e923ab7a1554f15f2", [:mix], [], "hexpm", "7653a20e7b0c048ea05ffad6df88249abf4c1b63772c14dee843acffcad6b038"},
  "membrane_mp4_plugin": {:hex, :membrane_mp4_plugin, "0.21.0", "d20516cad6152e92ff55b340f3b98f0f26c7a62e1a97d1ce770d6298eb8019d1", [:mix], [{:bunch, "~> 1.5", [hex: :bunch, repo: "hexpm", optional: false]}, {:membrane_aac_format, "~> 0.7.0", [hex: :membrane_aac_format, repo: "hexpm", optional: false]}, {:membrane_cmaf_format, "~> 0.6.0", [hex: :membrane_cmaf_format, repo: "hexpm", optional: false]}, {:membrane_core, "~> 0.11.2", [hex: :membrane_core, repo: "hexpm", optional: false]}, {:membrane_file_plugin, "~> 0.13.2", [hex: :membrane_file_plugin, repo: "hexpm", optional: false]}, {:membrane_h264_format, "~> 0.5.0", [hex: :membrane_h264_format, repo: "hexpm", optional: false]}, {:membrane_mp4_format, "~> 0.7.0", [hex: :membrane_mp4_format, repo: "hexpm", optional: false]}, {:membrane_opus_format, "~> 0.3.0", [hex: :membrane_opus_format, repo: "hexpm", optional: false]}], "hexpm", "d63934b1c8c038668454985797025d4149be825850ecda178624b5dc71b85f78"},
  "membrane_opus_format": {:hex, :membrane_opus_format, "0.3.0", "3804d9916058b7cfa2baa0131a644d8186198d64f52d592ae09e0942513cb4c2", [:mix], [], "hexpm", "8fc89c97be50de23ded15f2050fe603dcce732566fe6fdd15a2de01cb6b81afe"},
  "membrane_raw_video_format": {:hex, :membrane_raw_video_format, "0.3.0", "ba10f475e0814a6fe79602a74536b796047577c7ef5b0e33def27cd344229699", [:mix], [], "hexpm", "2f08760061c8a5386ecf04273480f10e48d25a1a40aa99476302b0bcd34ccb1c"},
  "membrane_rtp_format": {:hex, :membrane_rtp_format, "0.6.0", "666a77a19157899a523d7aa2e5bf69523b92798850f132fee1fc3ced821ca277", [:mix], [{:membrane_core, "~> 0.11.0", [hex: :membrane_core, repo: "hexpm", optional: false]}], "hexpm", "5ca136b9b5fa32992bfa8541dfb1bf00f2f012ac41ab1a63969a9f2b4f559cd0"},
  "membrane_rtp_h264_plugin": {:hex, :membrane_rtp_h264_plugin, "0.15.1", "374c17397018b35d6215ca46b87670f0a10a761bc12c6cb43c29fd9f2ad41ad6", [:mix], [{:bunch, "~> 1.5", [hex: :bunch, repo: "hexpm", optional: false]}, {:membrane_core, "~> 0.11.0", [hex: :membrane_core, repo: "hexpm", optional: false]}, {:membrane_h264_format, "~> 0.5.0", [hex: :membrane_h264_format, repo: "hexpm", optional: false]}, {:membrane_rtp_format, "~> 0.6.0", [hex: :membrane_rtp_format, repo: "hexpm", optional: false]}], "hexpm", "f461b114ee8dfe7d9b81807d14b191cf0867f4c10155165f40b2a154be697a20"},
  "membrane_rtp_plugin": {:hex, :membrane_rtp_plugin, "0.21.0", "351adaa45c13ba62c7fdc11e23913a178f22088198695e460fb46f3cfa29adff", [:mix], [{:bimap, "~> 1.2", [hex: :bimap, repo: "hexpm", optional: false]}, {:bunch, "~> 1.5", [hex: :bunch, repo: "hexpm", optional: false]}, {:ex_libsrtp, "~> 0.6.0", [hex: :ex_libsrtp, repo: "hexpm", optional: true]}, {:heap, "~> 2.0.2", [hex: :heap, repo: "hexpm", optional: false]}, {:membrane_core, "~> 0.11.2", [hex: :membrane_core, repo: "hexpm", optional: false]}, {:membrane_funnel_plugin, "~> 0.6", [hex: :membrane_funnel_plugin, repo: "hexpm", optional: false]}, {:membrane_rtp_format, "~> 0.6.0", [hex: :membrane_rtp_format, repo: "hexpm", optional: false]}, {:membrane_telemetry_metrics, "~> 0.1.0", [hex: :membrane_telemetry_metrics, repo: "hexpm", optional: false]}, {:qex, "~> 0.5.1", [hex: :qex, repo: "hexpm", optional: false]}], "hexpm", "e6aa9062af39a422f8511bf9324e71fc725f93d565412759da281de91753d4f9"},
  "membrane_rtsp": {:hex, :membrane_rtsp, "0.5.0", "29ff82df4596118d104c3a8a5c658266fe4977bcca8accbd4df11aa953a12094", [:mix], [{:bunch, "~> 1.6", [hex: :bunch, repo: "hexpm", optional: false]}, {:ex_sdp, "~> 0.11.0", [hex: :ex_sdp, repo: "hexpm", optional: false]}, {:mockery, "~> 2.3", [hex: :mockery, repo: "hexpm", optional: false]}], "hexpm", "3b218648c8beb21e0bc6ccd15ebb853a92c28f34dfaa3b03ee2e58ae89e44471"},
  "membrane_tee_plugin": {:hex, :membrane_tee_plugin, "0.10.1", "a78aef5f04894495f845f4fdeac855320ae0fe21466ff7cb3f00446bcd2a9d0d", [:mix], [{:bunch, "~> 1.0", [hex: :bunch, repo: "hexpm", optional: false]}, {:membrane_core, "~> 0.11.0", [hex: :membrane_core, repo: "hexpm", optional: false]}], "hexpm", "6b97a7c3f67c467f0f6c02a048947aa7f579387f438a50fd06a6e1cbf5a5371d"},
  "membrane_telemetry_metrics": {:hex, :membrane_telemetry_metrics, "0.1.0", "cb93d28356b436b0597736c3e4153738d82d2a14ff547f831df7e9051e54fc06", [:mix], [{:telemetry, "~> 1.0", [hex: :telemetry, repo: "hexpm", optional: false]}, {:telemetry_metrics, "~> 0.6.1", [hex: :telemetry_metrics, repo: "hexpm", optional: false]}], "hexpm", "aba28dc8311f70ced95d984509be930fac55857d2d18bffcf768815e627be3f0"},
  "mime": {:hex, :mime, "2.0.3", "3676436d3d1f7b81b5a2d2bd8405f412c677558c81b1c92be58c00562bb59095", [:mix], [], "hexpm", "27a30bf0db44d25eecba73755acf4068cbfe26a4372f9eb3e4ea3a45956bff6b"},
  "mint": {:hex, :mint, "1.5.1", "8db5239e56738552d85af398798c80648db0e90f343c8469f6c6d8898944fb6f", [:mix], [{:castore, "~> 0.1.0 or ~> 1.0", [hex: :castore, repo: "hexpm", optional: true]}, {:hpax, "~> 0.1.1", [hex: :hpax, repo: "hexpm", optional: false]}], "hexpm", "4a63e1e76a7c3956abd2c72f370a0d0aecddc3976dea5c27eccbecfa5e7d5b1e"},
  "mockery": {:hex, :mockery, "2.3.1", "a02fd60b10ac9ed37a7a2ecf6786c1f1dd5c75d2b079a60594b089fba32dc087", [:mix], [], "hexpm", "1d0971d88ebf084e962da3f2cfee16f0ea8e04ff73a7710428500d4500b947fa"},
  "nimble_options": {:hex, :nimble_options, "1.0.2", "92098a74df0072ff37d0c12ace58574d26880e522c22801437151a159392270e", [:mix], [], "hexpm", "fd12a8db2021036ce12a309f26f564ec367373265b53e25403f0ee697380f1b8"},
  "nimble_pool": {:hex, :nimble_pool, "1.0.0", "5eb82705d138f4dd4423f69ceb19ac667b3b492ae570c9f5c900bb3d2f50a847", [:mix], [], "hexpm", "80be3b882d2d351882256087078e1b1952a28bf98d0a287be87e4a24a710b67a"},
  "numbers": {:hex, :numbers, "5.2.4", "f123d5bb7f6acc366f8f445e10a32bd403c8469bdbce8ce049e1f0972b607080", [:mix], [{:coerce, "~> 1.0", [hex: :coerce, repo: "hexpm", optional: false]}, {:decimal, "~> 1.9 or ~> 2.0", [hex: :decimal, repo: "hexpm", optional: true]}], "hexpm", "eeccf5c61d5f4922198395bf87a465b6f980b8b862dd22d28198c5e6fab38582"},
  "phoenix": {:hex, :phoenix, "1.7.2", "c375ffb482beb4e3d20894f84dd7920442884f5f5b70b9f4528cbe0cedefec63", [:mix], [{:castore, ">= 0.0.0", [hex: :castore, repo: "hexpm", optional: false]}, {:jason, "~> 1.0", [hex: :jason, repo: "hexpm", optional: true]}, {:phoenix_pubsub, "~> 2.1", [hex: :phoenix_pubsub, repo: "hexpm", optional: false]}, {:phoenix_template, "~> 1.0", [hex: :phoenix_template, repo: "hexpm", optional: false]}, {:phoenix_view, "~> 2.0", [hex: :phoenix_view, repo: "hexpm", optional: true]}, {:plug, "~> 1.14", [hex: :plug, repo: "hexpm", optional: false]}, {:plug_cowboy, "~> 2.6", [hex: :plug_cowboy, repo: "hexpm", optional: true]}, {:plug_crypto, "~> 1.2", [hex: :plug_crypto, repo: "hexpm", optional: false]}, {:telemetry, "~> 0.4 or ~> 1.0", [hex: :telemetry, repo: "hexpm", optional: false]}, {:websock_adapter, "~> 0.4", [hex: :websock_adapter, repo: "hexpm", optional: false]}], "hexpm", "1ebca94b32b4d0e097ab2444a9742ed8ff3361acad17365e4e6b2e79b4792159"},
  "phoenix_ecto": {:hex, :phoenix_ecto, "4.4.0", "0672ed4e4808b3fbed494dded89958e22fb882de47a97634c0b13e7b0b5f7720", [:mix], [{:ecto, "~> 3.3", [hex: :ecto, repo: "hexpm", optional: false]}, {:phoenix_html, "~> 2.14.2 or ~> 3.0", [hex: :phoenix_html, repo: "hexpm", optional: true]}, {:plug, "~> 1.9", [hex: :plug, repo: "hexpm", optional: false]}], "hexpm", "09864e558ed31ee00bd48fcc1d4fc58ae9678c9e81649075431e69dbabb43cc1"},
  "phoenix_html": {:hex, :phoenix_html, "3.3.1", "4788757e804a30baac6b3fc9695bf5562465dd3f1da8eb8460ad5b404d9a2178", [:mix], [{:plug, "~> 1.5", [hex: :plug, repo: "hexpm", optional: true]}], "hexpm", "bed1906edd4906a15fd7b412b85b05e521e1f67c9a85418c55999277e553d0d3"},
  "phoenix_live_dashboard": {:hex, :phoenix_live_dashboard, "0.7.2", "97cc4ff2dba1ebe504db72cb45098cb8e91f11160528b980bd282cc45c73b29c", [:mix], [{:ecto, "~> 3.6.2 or ~> 3.7", [hex: :ecto, repo: "hexpm", optional: true]}, {:ecto_mysql_extras, "~> 0.5", [hex: :ecto_mysql_extras, repo: "hexpm", optional: true]}, {:ecto_psql_extras, "~> 0.7", [hex: :ecto_psql_extras, repo: "hexpm", optional: true]}, {:mime, "~> 1.6 or ~> 2.0", [hex: :mime, repo: "hexpm", optional: false]}, {:phoenix_live_view, "~> 0.18.3", [hex: :phoenix_live_view, repo: "hexpm", optional: false]}, {:telemetry_metrics, "~> 0.6 or ~> 1.0", [hex: :telemetry_metrics, repo: "hexpm", optional: false]}], "hexpm", "0e5fdf063c7a3b620c566a30fcf68b7ee02e5e46fe48ee46a6ec3ba382dc05b7"},
  "phoenix_live_reload": {:hex, :phoenix_live_reload, "1.4.1", "2aff698f5e47369decde4357ba91fc9c37c6487a512b41732818f2204a8ef1d3", [:mix], [{:file_system, "~> 0.2.1 or ~> 0.3", [hex: :file_system, repo: "hexpm", optional: false]}, {:phoenix, "~> 1.4", [hex: :phoenix, repo: "hexpm", optional: false]}], "hexpm", "9bffb834e7ddf08467fe54ae58b5785507aaba6255568ae22b4d46e2bb3615ab"},
  "phoenix_live_view": {:hex, :phoenix_live_view, "0.18.18", "1f38fbd7c363723f19aad1a04b5490ff3a178e37daaf6999594d5f34796c47fc", [:mix], [{:jason, "~> 1.0", [hex: :jason, repo: "hexpm", optional: true]}, {:phoenix, "~> 1.6.15 or ~> 1.7.0", [hex: :phoenix, repo: "hexpm", optional: false]}, {:phoenix_html, "~> 3.3", [hex: :phoenix_html, repo: "hexpm", optional: false]}, {:phoenix_template, "~> 1.0", [hex: :phoenix_template, repo: "hexpm", optional: false]}, {:phoenix_view, "~> 2.0", [hex: :phoenix_view, repo: "hexpm", optional: true]}, {:telemetry, "~> 0.4.2 or ~> 1.0", [hex: :telemetry, repo: "hexpm", optional: false]}], "hexpm", "a5810d0472f3189ede6d2a95bda7f31c6113156b91784a3426cb0ab6a6d85214"},
  "phoenix_pubsub": {:hex, :phoenix_pubsub, "2.1.1", "ba04e489ef03763bf28a17eb2eaddc2c20c6d217e2150a61e3298b0f4c2012b5", [:mix], [], "hexpm", "81367c6d1eea5878ad726be80808eb5a787a23dee699f96e72b1109c57cdd8d9"},
  "phoenix_template": {:hex, :phoenix_template, "1.0.1", "85f79e3ad1b0180abb43f9725973e3b8c2c3354a87245f91431eec60553ed3ef", [:mix], [{:phoenix_html, "~> 2.14.2 or ~> 3.0", [hex: :phoenix_html, repo: "hexpm", optional: true]}], "hexpm", "157dc078f6226334c91cb32c1865bf3911686f8bcd6bcff86736f6253e6993ee"},
  "plug": {:hex, :plug, "1.14.2", "cff7d4ec45b4ae176a227acd94a7ab536d9b37b942c8e8fa6dfc0fff98ff4d80", [:mix], [{:mime, "~> 1.0 or ~> 2.0", [hex: :mime, repo: "hexpm", optional: false]}, {:plug_crypto, "~> 1.1.1 or ~> 1.2", [hex: :plug_crypto, repo: "hexpm", optional: false]}, {:telemetry, "~> 0.4.3 or ~> 1.0", [hex: :telemetry, repo: "hexpm", optional: false]}], "hexpm", "842fc50187e13cf4ac3b253d47d9474ed6c296a8732752835ce4a86acdf68d13"},
  "plug_cowboy": {:hex, :plug_cowboy, "2.6.1", "9a3bbfceeb65eff5f39dab529e5cd79137ac36e913c02067dba3963a26efe9b2", [:mix], [{:cowboy, "~> 2.7", [hex: :cowboy, repo: "hexpm", optional: false]}, {:cowboy_telemetry, "~> 0.3", [hex: :cowboy_telemetry, repo: "hexpm", optional: false]}, {:plug, "~> 1.14", [hex: :plug, repo: "hexpm", optional: false]}], "hexpm", "de36e1a21f451a18b790f37765db198075c25875c64834bcc82d90b309eb6613"},
  "plug_crypto": {:hex, :plug_crypto, "1.2.5", "918772575e48e81e455818229bf719d4ab4181fcbf7f85b68a35620f78d89ced", [:mix], [], "hexpm", "26549a1d6345e2172eb1c233866756ae44a9609bd33ee6f99147ab3fd87fd842"},
  "qex": {:hex, :qex, "0.5.1", "0d82c0f008551d24fffb99d97f8299afcb8ea9cf99582b770bd004ed5af63fd6", [:mix], [], "hexpm", "935a39fdaf2445834b95951456559e9dc2063d0a055742c558a99987b38d6bab"},
  "ranch": {:hex, :ranch, "1.8.0", "8c7a100a139fd57f17327b6413e4167ac559fbc04ca7448e9be9057311597a1d", [:make, :rebar3], [], "hexpm", "49fbcfd3682fab1f5d109351b61257676da1a2fdbe295904176d5e521a2ddfe5"},
  "ratio": {:hex, :ratio, "2.4.2", "c8518f3536d49b1b00d88dd20d49f8b11abb7819638093314a6348139f14f9f9", [:mix], [{:decimal, "~> 1.6 or ~> 2.0", [hex: :decimal, repo: "hexpm", optional: true]}, {:numbers, "~> 5.2.0", [hex: :numbers, repo: "hexpm", optional: false]}], "hexpm", "441ef6f73172a3503de65ccf1769030997b0d533b1039422f1e5e0e0b4cbf89e"},
  "secure_random": {:hex, :secure_random, "0.5.1", "c5532b37c89d175c328f5196a0c2a5680b15ebce3e654da37129a9fe40ebf51b", [:mix], [], "hexpm", "1b9754f15e3940a143baafd19da12293f100044df69ea12db5d72878312ae6ab"},
  "shmex": {:hex, :shmex, "0.5.0", "7dc4fb1a8bd851085a652605d690bdd070628717864b442f53d3447326bcd3e8", [:mix], [{:bunch_native, "~> 0.5.0", [hex: :bunch_native, repo: "hexpm", optional: false]}, {:bundlex, "~> 1.0", [hex: :bundlex, repo: "hexpm", optional: false]}], "hexpm", "b67bb1e22734758397c84458dbb746519e28eac210423c267c7248e59fc97bdc"},
  "swoosh": {:hex, :swoosh, "1.10.2", "77acdc1261de404b893e24224d47459d1b42deb02577c7b31514e0a720f949d6", [:mix], [{:cowboy, "~> 1.1 or ~> 2.4", [hex: :cowboy, repo: "hexpm", optional: true]}, {:ex_aws, "~> 2.1", [hex: :ex_aws, repo: "hexpm", optional: true]}, {:finch, "~> 0.6", [hex: :finch, repo: "hexpm", optional: true]}, {:gen_smtp, "~> 0.13 or ~> 1.0", [hex: :gen_smtp, repo: "hexpm", optional: true]}, {:hackney, "~> 1.9", [hex: :hackney, repo: "hexpm", optional: true]}, {:jason, "~> 1.0", [hex: :jason, repo: "hexpm", optional: false]}, {:mail, "~> 0.2", [hex: :mail, repo: "hexpm", optional: true]}, {:mime, "~> 1.1 or ~> 2.0", [hex: :mime, repo: "hexpm", optional: false]}, {:plug_cowboy, ">= 1.0.0", [hex: :plug_cowboy, repo: "hexpm", optional: true]}, {:telemetry, "~> 0.4.2 or ~> 1.0", [hex: :telemetry, repo: "hexpm", optional: false]}], "hexpm", "1736faf374ed49c6091845cdfd5b3a68c88c5f2bfd989447d12bffafc0dda03a"},
  "tailwind": {:hex, :tailwind, "0.2.0", "95f9e4a32020c5bec480f1d6a43a49ac8030b13183127b577605f506d6e13a66", [:mix], [{:castore, ">= 0.0.0", [hex: :castore, repo: "hexpm", optional: false]}], "hexpm", "385e939fcd7fe4654be5130b187e358aaabade385513f9d200ffecdbb9552a9e"},
  "telemetry": {:hex, :telemetry, "1.2.1", "68fdfe8d8f05a8428483a97d7aab2f268aaff24b49e0f599faa091f1d4e7f61c", [:rebar3], [], "hexpm", "dad9ce9d8effc621708f99eac538ef1cbe05d6a874dd741de2e689c47feafed5"},
  "telemetry_metrics": {:hex, :telemetry_metrics, "0.6.1", "315d9163a1d4660aedc3fee73f33f1d355dcc76c5c3ab3d59e76e3edf80eef1f", [:mix], [{:telemetry, "~> 0.4 or ~> 1.0", [hex: :telemetry, repo: "hexpm", optional: false]}], "hexpm", "7be9e0871c41732c233be71e4be11b96e56177bf15dde64a8ac9ce72ac9834c6"},
  "telemetry_poller": {:hex, :telemetry_poller, "1.0.0", "db91bb424e07f2bb6e73926fcafbfcbcb295f0193e0a00e825e589a0a47e8453", [:rebar3], [{:telemetry, "~> 1.0", [hex: :telemetry, repo: "hexpm", optional: false]}], "hexpm", "b3a24eafd66c3f42da30fc3ca7dda1e9d546c12250a2d60d7b81d264fbec4f6e"},
  "unifex": {:hex, :unifex, "1.1.0", "26b1bcb6c3b3454e1ea15f85b2e570aaa5b5c609566aa9f5c2e0a8b213379d6b", [:mix], [{:bunch, "~> 1.0", [hex: :bunch, repo: "hexpm", optional: false]}, {:bundlex, "~> 1.0", [hex: :bundlex, repo: "hexpm", optional: false]}, {:shmex, "~> 0.5.0", [hex: :shmex, repo: "hexpm", optional: false]}], "hexpm", "d8f47e9e3240301f5b20eec5792d1d4341e1a3a268d94f7204703b48da4aaa06"},
  "uuid": {:hex, :uuid, "1.1.8", "e22fc04499de0de3ed1116b770c7737779f226ceefa0badb3592e64d5cfb4eb9", [:mix], [], "hexpm", "c790593b4c3b601f5dc2378baae7efaf5b3d73c4c6456ba85759905be792f2ac"},
  "websock": {:hex, :websock, "0.5.1", "c496036ce95bc26d08ba086b2a827b212c67e7cabaa1c06473cd26b40ed8cf10", [:mix], [], "hexpm", "b9f785108b81cd457b06e5f5dabe5f65453d86a99118b2c0a515e1e296dc2d2c"},
  "websock_adapter": {:hex, :websock_adapter, "0.5.1", "292e6c56724e3457e808e525af0e9bcfa088cc7b9c798218e78658c7f9b85066", [:mix], [{:bandit, ">= 0.6.0", [hex: :bandit, repo: "hexpm", optional: true]}, {:plug, "~> 1.14", [hex: :plug, repo: "hexpm", optional: false]}, {:plug_cowboy, "~> 2.6", [hex: :plug_cowboy, repo: "hexpm", optional: true]}, {:websock, "~> 0.5", [hex: :websock, repo: "hexpm", optional: false]}], "hexpm", "8e2e1544bfde5f9d0442f9cec2f5235398b224f75c9e06b60557debf64248ec1"},
}
