%{
  "alarmist": {:hex, :alarmist, "0.4.2", "d7d224e84144ed7ac7c22ed6132802aefeafc30ce62fa792ad2680586a01a33e", [:mix], [{:property_table, "~> 0.3.1", [hex: :property_table, repo: "hexpm", optional: false]}, {:tablet, "~> 0.2.0 or ~> 0.3.0", [hex: :tablet, repo: "hexpm", optional: false]}], "hexpm", "ae47ab7eaab8f2f120e51e7ef17f608871990fc2121a1312bfcdac6873a8a896"},
  "property_table": {:hex, :property_table, "0.3.4", "576b20f586ee7366d53919289c1b6dee4bbe1946f6761bfb20dabf7875cb4d40", [:mix], [], "hexpm", "1a45e5d4915ba017822e9692b447432f786cf63c89a6d71b7582eef666fd54b9"},
  "tablet": {:hex, :tablet, "0.3.3", "cf2975d34da2e26a42e0a09e3ac67e63171a3ad1a8da41be9c23ffda484eb84d", [:mix], [], "hexpm", "2701b7a6f8bca941ef036a982d7789a6aebd9e8802b2e26665391295935f4925"},
}
